Microsoft Visual Studio Solution File, Format Version 12.00
# Visual Studio 15
VisualStudioVersion = 15.0.27703.2035
MinimumVisualStudioVersion = 10.0.40219.1
Project("{FAE04EC0-301F-11D3-BF4B-00C04F79EFBC}") = "CatsProj.Web", "MyMVCProj\CatsProj.Web.csproj", "{516C9D83-5470-43E9-BEBF-545B6CF4DB19}"
EndProject
Project("{FAE04EC0-301F-11D3-BF4B-00C04F79EFBC}") = "CatsProj.BLL", "CatsProj.BLL\CatsProj.BLL.csproj", "{2A69592D-1B88-403B-A403-B909797FAF8F}"
EndProject
Project("{FAE04EC0-301F-11D3-BF4B-00C04F79EFBC}") = "CatsProj.DAL", "CatsProj.DAL\CatsProj.DAL.csproj", "{4426A5E0-DDDE-414A-9807-6E8D1FAD4557}"
EndProject
Project("{FAE04EC0-301F-11D3-BF4B-00C04F79EFBC}") = "CatsProj.DataEntiry", "Cats.DataEntiry\CatsProj.DataEntiry.csproj", "{AB21F193-8548-4A82-A889-C09B91BFDCA4}"
EndProject
Project("{FAE04EC0-301F-11D3-BF4B-00C04F79EFBC}") = "DBHelper", "DBHelper\DBHelper.csproj", "{5C9DA74F-065C-4E0F-888D-D7080F8CF34C}"
EndProject
Project("{FAE04EC0-301F-11D3-BF4B-00C04F79EFBC}") = "CatsProj.DB", "CatsProj.DB\CatsProj.DB.csproj", "{F92B73F2-142A-4E11-B029-08EB9174CF00}"
EndProject
Project("{FAE04EC0-301F-11D3-BF4B-00C04F79EFBC}") = "CatsProj.Model", "CatsPrj.Model\CatsProj.Model.csproj", "{63ECF264-FE5A-4A11-A1FC-4D99EEBD7F5F}"
EndProject
Project("{FAE04EC0-301F-11D3-BF4B-00C04F79EFBC}") = "CatsProj.Tools", "CatsProj.Tools\CatsProj.Tools.csproj", "{A9BE3E53-546D-44FE-8974-DEF1050D901D}"
EndProject
Project("{FAE04EC0-301F-11D3-BF4B-00C04F79EFBC}") = "EntityModelConverter", "EntityModelConverter\EntityModelConverter.csproj", "{1B335FBF-447C-40A5-9872-36670047BE24}"
EndProject
Project("{FAE04EC0-301F-11D3-BF4B-00C04F79EFBC}") = "QuartzToken", "QuartzToken\QuartzToken.csproj", "{F59313AA-38E2-4F9B-8EFE-6052B3880F36}"
EndProject
Project("{FAE04EC0-301F-11D3-BF4B-00C04F79EFBC}") = "RobotQuartz", "RobotQuartz\RobotQuartz.csproj", "{EAAAC131-DCB6-4A28-92CC-F5F94B4BBA71}"
EndProject
Global
	GlobalSection(SolutionConfigurationPlatforms) = preSolution
		Debug|Any CPU = Debug|Any CPU
		Release|Any CPU = Release|Any CPU
	EndGlobalSection
	GlobalSection(ProjectConfigurationPlatforms) = postSolution
		{516C9D83-5470-43E9-BEBF-545B6CF4DB19}.Debug|Any CPU.ActiveCfg = Debug|Any CPU
		{516C9D83-5470-43E9-BEBF-545B6CF4DB19}.Debug|Any CPU.Build.0 = Debug|Any CPU
		{516C9D83-5470-43E9-BEBF-545B6CF4DB19}.Release|Any CPU.ActiveCfg = Release|Any CPU
		{516C9D83-5470-43E9-BEBF-545B6CF4DB19}.Release|Any CPU.Build.0 = Release|Any CPU
		{2A69592D-1B88-403B-A403-B909797FAF8F}.Debug|Any CPU.ActiveCfg = Debug|Any CPU
		{2A69592D-1B88-403B-A403-B909797FAF8F}.Debug|Any CPU.Build.0 = Debug|Any CPU
		{2A69592D-1B88-403B-A403-B909797FAF8F}.Release|Any CPU.ActiveCfg = Release|Any CPU
		{2A69592D-1B88-403B-A403-B909797FAF8F}.Release|Any CPU.Build.0 = Release|Any CPU
		{4426A5E0-DDDE-414A-9807-6E8D1FAD4557}.Debug|Any CPU.ActiveCfg = Debug|Any CPU
		{4426A5E0-DDDE-414A-9807-6E8D1FAD4557}.Debug|Any CPU.Build.0 = Debug|Any CPU
		{4426A5E0-DDDE-414A-9807-6E8D1FAD4557}.Release|Any CPU.ActiveCfg = Release|Any CPU
		{4426A5E0-DDDE-414A-9807-6E8D1FAD4557}.Release|Any CPU.Build.0 = Release|Any CPU
		{AB21F193-8548-4A82-A889-C09B91BFDCA4}.Debug|Any CPU.ActiveCfg = Debug|Any CPU
		{AB21F193-8548-4A82-A889-C09B91BFDCA4}.Debug|Any CPU.Build.0 = Debug|Any CPU
		{AB21F193-8548-4A82-A889-C09B91BFDCA4}.Release|Any CPU.ActiveCfg = Release|Any CPU
		{AB21F193-8548-4A82-A889-C09B91BFDCA4}.Release|Any CPU.Build.0 = Release|Any CPU
		{5C9DA74F-065C-4E0F-888D-D7080F8CF34C}.Debug|Any CPU.ActiveCfg = Debug|Any CPU
		{5C9DA74F-065C-4E0F-888D-D7080F8CF34C}.Debug|Any CPU.Build.0 = Debug|Any CPU
		{5C9DA74F-065C-4E0F-888D-D7080F8CF34C}.Release|Any CPU.ActiveCfg = Release|Any CPU
		{5C9DA74F-065C-4E0F-888D-D7080F8CF34C}.Release|Any CPU.Build.0 = Release|Any CPU
		{F92B73F2-142A-4E11-B029-08EB9174CF00}.Debug|Any CPU.ActiveCfg = Debug|Any CPU
		{F92B73F2-142A-4E11-B029-08EB9174CF00}.Debug|Any CPU.Build.0 = Debug|Any CPU
		{F92B73F2-142A-4E11-B029-08EB9174CF00}.Release|Any CPU.ActiveCfg = Release|Any CPU
		{F92B73F2-142A-4E11-B029-08EB9174CF00}.Release|Any CPU.Build.0 = Release|Any CPU
		{63ECF264-FE5A-4A11-A1FC-4D99EEBD7F5F}.Debug|Any CPU.ActiveCfg = Debug|Any CPU
		{63ECF264-FE5A-4A11-A1FC-4D99EEBD7F5F}.Debug|Any CPU.Build.0 = Debug|Any CPU
		{63ECF264-FE5A-4A11-A1FC-4D99EEBD7F5F}.Release|Any CPU.ActiveCfg = Release|Any CPU
		{63ECF264-FE5A-4A11-A1FC-4D99EEBD7F5F}.Release|Any CPU.Build.0 = Release|Any CPU
		{A9BE3E53-546D-44FE-8974-DEF1050D901D}.Debug|Any CPU.ActiveCfg = Debug|Any CPU
		{A9BE3E53-546D-44FE-8974-DEF1050D901D}.Debug|Any CPU.Build.0 = Debug|Any CPU
		{A9BE3E53-546D-44FE-8974-DEF1050D901D}.Release|Any CPU.ActiveCfg = Release|Any CPU
		{A9BE3E53-546D-44FE-8974-DEF1050D901D}.Release|Any CPU.Build.0 = Release|Any CPU
		{1B335FBF-447C-40A5-9872-36670047BE24}.Debug|Any CPU.ActiveCfg = Debug|Any CPU
		{1B335FBF-447C-40A5-9872-36670047BE24}.Debug|Any CPU.Build.0 = Debug|Any CPU
		{1B335FBF-447C-40A5-9872-36670047BE24}.Release|Any CPU.ActiveCfg = Release|Any CPU
		{1B335FBF-447C-40A5-9872-36670047BE24}.Release|Any CPU.Build.0 = Release|Any CPU
		{F59313AA-38E2-4F9B-8EFE-6052B3880F36}.Debug|Any CPU.ActiveCfg = Debug|Any CPU
		{F59313AA-38E2-4F9B-8EFE-6052B3880F36}.Debug|Any CPU.Build.0 = Debug|Any CPU
		{F59313AA-38E2-4F9B-8EFE-6052B3880F36}.Release|Any CPU.ActiveCfg = Release|Any CPU
		{F59313AA-38E2-4F9B-8EFE-6052B3880F36}.Release|Any CPU.Build.0 = Release|Any CPU
		{EAAAC131-DCB6-4A28-92CC-F5F94B4BBA71}.Debug|Any CPU.ActiveCfg = Debug|Any CPU
		{EAAAC131-DCB6-4A28-92CC-F5F94B4BBA71}.Debug|Any CPU.Build.0 = Debug|Any CPU
		{EAAAC131-DCB6-4A28-92CC-F5F94B4BBA71}.Release|Any CPU.ActiveCfg = Release|Any CPU
		{EAAAC131-DCB6-4A28-92CC-F5F94B4BBA71}.Release|Any CPU.Build.0 = Release|Any CPU
	EndGlobalSection
	GlobalSection(SolutionProperties) = preSolution
		HideSolutionNode = FALSE
	EndGlobalSection
	GlobalSection(ExtensibilityGlobals) = postSolution
		SolutionGuid = {42672392-0EC1-44EB-8632-FB136FB12973}
	EndGlobalSection
EndGlobal
